// !$*UTF8*$!
{
	archiveVersion = 1;
	classes = {
	};
	objectVersion = 56;
	objects = {

/* Begin PBXBuildFile section */
		CB02339A2B6F0687007EDDD0 /* GFUserInfoHeaderVC.swift in Sources */ = {isa = PBXBuildFile; fileRef = CB0233992B6F0687007EDDD0 /* GFUserInfoHeaderVC.swift */; };
		CB02339C2B6F06FA007EDDD0 /* GFSecondaryTitleLabel.swift in Sources */ = {isa = PBXBuildFile; fileRef = CB02339B2B6F06FA007EDDD0 /* GFSecondaryTitleLabel.swift */; };
		CB02339E2B6F0D2A007EDDD0 /* Constants.swift in Sources */ = {isa = PBXBuildFile; fileRef = CB02339D2B6F0D2A007EDDD0 /* Constants.swift */; };
		CB1FD1FE2B5B370400D50E1D /* AppDelegate.swift in Sources */ = {isa = PBXBuildFile; fileRef = CB1FD1FD2B5B370400D50E1D /* AppDelegate.swift */; };
		CB1FD2002B5B370400D50E1D /* SceneDelegate.swift in Sources */ = {isa = PBXBuildFile; fileRef = CB1FD1FF2B5B370400D50E1D /* SceneDelegate.swift */; };
		CB1FD2072B5B371100D50E1D /* Assets.xcassets in Resources */ = {isa = PBXBuildFile; fileRef = CB1FD2062B5B371100D50E1D /* Assets.xcassets */; };
		CB1FD20A2B5B371100D50E1D /* LaunchScreen.storyboard in Resources */ = {isa = PBXBuildFile; fileRef = CB1FD2082B5B371100D50E1D /* LaunchScreen.storyboard */; };
		CB34E78E2B6D891B00AE6EE6 /* UserInfoVC.swift in Sources */ = {isa = PBXBuildFile; fileRef = CB34E78D2B6D891B00AE6EE6 /* UserInfoVC.swift */; };
		CB34E7902B6DB58900AE6EE6 /* GFError.swift in Sources */ = {isa = PBXBuildFile; fileRef = CB34E78F2B6DB58900AE6EE6 /* GFError.swift */; };
		CB8CD77D2B61CDFF00472E06 /* UIHelper.swift in Sources */ = {isa = PBXBuildFile; fileRef = CB8CD77C2B61CDFF00472E06 /* UIHelper.swift */; };
		CB9464FB2B5C8F0C00EE51BA /* SearchVC.swift in Sources */ = {isa = PBXBuildFile; fileRef = CB9464FA2B5C8F0C00EE51BA /* SearchVC.swift */; };
		CB9464FD2B5C8F5D00EE51BA /* FavoritesListVC.swift in Sources */ = {isa = PBXBuildFile; fileRef = CB9464FC2B5C8F5D00EE51BA /* FavoritesListVC.swift */; };
		CB9464FF2B5C957F00EE51BA /* GFButton.swift in Sources */ = {isa = PBXBuildFile; fileRef = CB9464FE2B5C957F00EE51BA /* GFButton.swift */; };
		CB9465012B5C9BBC00EE51BA /* GFTextField.swift in Sources */ = {isa = PBXBuildFile; fileRef = CB9465002B5C9BBC00EE51BA /* GFTextField.swift */; };
		CB9465032B5CAD3200EE51BA /* FollowerListVC.swift in Sources */ = {isa = PBXBuildFile; fileRef = CB9465022B5CAD3200EE51BA /* FollowerListVC.swift */; };
		CB9BD4352B710ED20025053B /* GFItemInfoView.swift in Sources */ = {isa = PBXBuildFile; fileRef = CB9BD4342B710ED20025053B /* GFItemInfoView.swift */; };
		CBAD2BE22B72AB1E00D815EA /* GFItemInfoVC.swift in Sources */ = {isa = PBXBuildFile; fileRef = CBAD2BE12B72AB1E00D815EA /* GFItemInfoVC.swift */; };
		CBAD2BE42B72B15A00D815EA /* GFRepoItemVC.swift in Sources */ = {isa = PBXBuildFile; fileRef = CBAD2BE32B72B15A00D815EA /* GFRepoItemVC.swift */; };
		CBAD2BE62B72B3DE00D815EA /* GFFollowerItemVC.swift in Sources */ = {isa = PBXBuildFile; fileRef = CBAD2BE52B72B3DE00D815EA /* GFFollowerItemVC.swift */; };
		CBAD2BE92B72D77A00D815EA /* Date+Ext.swift in Sources */ = {isa = PBXBuildFile; fileRef = CBAD2BE82B72D77A00D815EA /* Date+Ext.swift */; };
		CBAD2BEB2B72D7B700D815EA /* String+Ext.swift in Sources */ = {isa = PBXBuildFile; fileRef = CBAD2BEA2B72D7B700D815EA /* String+Ext.swift */; };
		CBC090AE2B669120002468DC /* GFEmptyStateView.swift in Sources */ = {isa = PBXBuildFile; fileRef = CBC090AD2B669120002468DC /* GFEmptyStateView.swift */; };
		CBD117BA2B5D86AF004357CC /* GFTitleLabel.swift in Sources */ = {isa = PBXBuildFile; fileRef = CBD117B92B5D86AF004357CC /* GFTitleLabel.swift */; };
		CBD117BC2B5D882E004357CC /* GFBodyLabel.swift in Sources */ = {isa = PBXBuildFile; fileRef = CBD117BB2B5D882E004357CC /* GFBodyLabel.swift */; };
		CBD117BE2B5D890B004357CC /* GFAlertVC.swift in Sources */ = {isa = PBXBuildFile; fileRef = CBD117BD2B5D890B004357CC /* GFAlertVC.swift */; };
		CBD117C02B5DAD66004357CC /* UIViewController+Ext.swift in Sources */ = {isa = PBXBuildFile; fileRef = CBD117BF2B5DAD66004357CC /* UIViewController+Ext.swift */; };
		CBD117C82B5DCE24004357CC /* Follower.swift in Sources */ = {isa = PBXBuildFile; fileRef = CBD117C72B5DCE24004357CC /* Follower.swift */; };
		CBD117CA2B5DCEF2004357CC /* User.swift in Sources */ = {isa = PBXBuildFile; fileRef = CBD117C92B5DCEF2004357CC /* User.swift */; };
		CBD117CD2B5DD92A004357CC /* NetworkManager.swift in Sources */ = {isa = PBXBuildFile; fileRef = CBD117CC2B5DD92A004357CC /* NetworkManager.swift */; };
		CBE5A9862B5F25FF00E3439D /* FollowerCell.swift in Sources */ = {isa = PBXBuildFile; fileRef = CBE5A9852B5F25FF00E3439D /* FollowerCell.swift */; };
		CBE5A9882B5F267A00E3439D /* GFAvatarImageView.swift in Sources */ = {isa = PBXBuildFile; fileRef = CBE5A9872B5F267A00E3439D /* GFAvatarImageView.swift */; };
/* End PBXBuildFile section */

/* Begin PBXFileReference section */
		CB0233992B6F0687007EDDD0 /* GFUserInfoHeaderVC.swift */ = {isa = PBXFileReference; lastKnownFileType = sourcecode.swift; path = GFUserInfoHeaderVC.swift; sourceTree = "<group>"; };
		CB02339B2B6F06FA007EDDD0 /* GFSecondaryTitleLabel.swift */ = {isa = PBXFileReference; lastKnownFileType = sourcecode.swift; path = GFSecondaryTitleLabel.swift; sourceTree = "<group>"; };
		CB02339D2B6F0D2A007EDDD0 /* Constants.swift */ = {isa = PBXFileReference; lastKnownFileType = sourcecode.swift; path = Constants.swift; sourceTree = "<group>"; };
		CB1FD1FA2B5B370400D50E1D /* GitHubFollowers.app */ = {isa = PBXFileReference; explicitFileType = wrapper.application; includeInIndex = 0; path = GitHubFollowers.app; sourceTree = BUILT_PRODUCTS_DIR; };
		CB1FD1FD2B5B370400D50E1D /* AppDelegate.swift */ = {isa = PBXFileReference; lastKnownFileType = sourcecode.swift; path = AppDelegate.swift; sourceTree = "<group>"; };
		CB1FD1FF2B5B370400D50E1D /* SceneDelegate.swift */ = {isa = PBXFileReference; lastKnownFileType = sourcecode.swift; path = SceneDelegate.swift; sourceTree = "<group>"; };
		CB1FD2062B5B371100D50E1D /* Assets.xcassets */ = {isa = PBXFileReference; lastKnownFileType = folder.assetcatalog; path = Assets.xcassets; sourceTree = "<group>"; };
		CB1FD2092B5B371100D50E1D /* Base */ = {isa = PBXFileReference; lastKnownFileType = file.storyboard; name = Base; path = Base.lproj/LaunchScreen.storyboard; sourceTree = "<group>"; };
		CB1FD20B2B5B371100D50E1D /* Info.plist */ = {isa = PBXFileReference; lastKnownFileType = text.plist.xml; path = Info.plist; sourceTree = "<group>"; };
		CB34E78D2B6D891B00AE6EE6 /* UserInfoVC.swift */ = {isa = PBXFileReference; lastKnownFileType = sourcecode.swift; path = UserInfoVC.swift; sourceTree = "<group>"; };
		CB34E78F2B6DB58900AE6EE6 /* GFError.swift */ = {isa = PBXFileReference; lastKnownFileType = sourcecode.swift; path = GFError.swift; sourceTree = "<group>"; };
		CB8CD77C2B61CDFF00472E06 /* UIHelper.swift */ = {isa = PBXFileReference; lastKnownFileType = sourcecode.swift; path = UIHelper.swift; sourceTree = "<group>"; };
		CB9464FA2B5C8F0C00EE51BA /* SearchVC.swift */ = {isa = PBXFileReference; lastKnownFileType = sourcecode.swift; path = SearchVC.swift; sourceTree = "<group>"; };
		CB9464FC2B5C8F5D00EE51BA /* FavoritesListVC.swift */ = {isa = PBXFileReference; lastKnownFileType = sourcecode.swift; path = FavoritesListVC.swift; sourceTree = "<group>"; };
		CB9464FE2B5C957F00EE51BA /* GFButton.swift */ = {isa = PBXFileReference; lastKnownFileType = sourcecode.swift; path = GFButton.swift; sourceTree = "<group>"; };
		CB9465002B5C9BBC00EE51BA /* GFTextField.swift */ = {isa = PBXFileReference; lastKnownFileType = sourcecode.swift; path = GFTextField.swift; sourceTree = "<group>"; };
		CB9465022B5CAD3200EE51BA /* FollowerListVC.swift */ = {isa = PBXFileReference; lastKnownFileType = sourcecode.swift; path = FollowerListVC.swift; sourceTree = "<group>"; };
		CB9BD4342B710ED20025053B /* GFItemInfoView.swift */ = {isa = PBXFileReference; lastKnownFileType = sourcecode.swift; path = GFItemInfoView.swift; sourceTree = "<group>"; };
		CBAD2BE12B72AB1E00D815EA /* GFItemInfoVC.swift */ = {isa = PBXFileReference; lastKnownFileType = sourcecode.swift; path = GFItemInfoVC.swift; sourceTree = "<group>"; };
		CBAD2BE32B72B15A00D815EA /* GFRepoItemVC.swift */ = {isa = PBXFileReference; lastKnownFileType = sourcecode.swift; path = GFRepoItemVC.swift; sourceTree = "<group>"; };
		CBAD2BE52B72B3DE00D815EA /* GFFollowerItemVC.swift */ = {isa = PBXFileReference; lastKnownFileType = sourcecode.swift; path = GFFollowerItemVC.swift; sourceTree = "<group>"; };
		CBAD2BE82B72D77A00D815EA /* Date+Ext.swift */ = {isa = PBXFileReference; lastKnownFileType = sourcecode.swift; path = "Date+Ext.swift"; sourceTree = "<group>"; };
		CBAD2BEA2B72D7B700D815EA /* String+Ext.swift */ = {isa = PBXFileReference; lastKnownFileType = sourcecode.swift; path = "String+Ext.swift"; sourceTree = "<group>"; };
		CBC090AD2B669120002468DC /* GFEmptyStateView.swift */ = {isa = PBXFileReference; lastKnownFileType = sourcecode.swift; path = GFEmptyStateView.swift; sourceTree = "<group>"; };
		CBD117B92B5D86AF004357CC /* GFTitleLabel.swift */ = {isa = PBXFileReference; lastKnownFileType = sourcecode.swift; path = GFTitleLabel.swift; sourceTree = "<group>"; };
		CBD117BB2B5D882E004357CC /* GFBodyLabel.swift */ = {isa = PBXFileReference; lastKnownFileType = sourcecode.swift; path = GFBodyLabel.swift; sourceTree = "<group>"; };
		CBD117BD2B5D890B004357CC /* GFAlertVC.swift */ = {isa = PBXFileReference; lastKnownFileType = sourcecode.swift; path = GFAlertVC.swift; sourceTree = "<group>"; };
		CBD117BF2B5DAD66004357CC /* UIViewController+Ext.swift */ = {isa = PBXFileReference; lastKnownFileType = sourcecode.swift; path = "UIViewController+Ext.swift"; sourceTree = "<group>"; };
		CBD117C72B5DCE24004357CC /* Follower.swift */ = {isa = PBXFileReference; lastKnownFileType = sourcecode.swift; path = Follower.swift; sourceTree = "<group>"; };
		CBD117C92B5DCEF2004357CC /* User.swift */ = {isa = PBXFileReference; lastKnownFileType = sourcecode.swift; path = User.swift; sourceTree = "<group>"; };
		CBD117CC2B5DD92A004357CC /* NetworkManager.swift */ = {isa = PBXFileReference; lastKnownFileType = sourcecode.swift; path = NetworkManager.swift; sourceTree = "<group>"; };
		CBE5A9852B5F25FF00E3439D /* FollowerCell.swift */ = {isa = PBXFileReference; lastKnownFileType = sourcecode.swift; path = FollowerCell.swift; sourceTree = "<group>"; };
		CBE5A9872B5F267A00E3439D /* GFAvatarImageView.swift */ = {isa = PBXFileReference; lastKnownFileType = sourcecode.swift; path = GFAvatarImageView.swift; sourceTree = "<group>"; };
/* End PBXFileReference section */

/* Begin PBXFrameworksBuildPhase section */
		CB1FD1F72B5B370400D50E1D /* Frameworks */ = {
			isa = PBXFrameworksBuildPhase;
			buildActionMask = 2147483647;
			files = (
			);
			runOnlyForDeploymentPostprocessing = 0;
		};
/* End PBXFrameworksBuildPhase section */

/* Begin PBXGroup section */
		CB1FD1F12B5B370400D50E1D = {
			isa = PBXGroup;
			children = (
				CB1FD1FC2B5B370400D50E1D /* GitHubFollowers */,
				CB1FD1FB2B5B370400D50E1D /* Products */,
			);
			sourceTree = "<group>";
		};
		CB1FD1FB2B5B370400D50E1D /* Products */ = {
			isa = PBXGroup;
			children = (
				CB1FD1FA2B5B370400D50E1D /* GitHubFollowers.app */,
			);
			name = Products;
			sourceTree = "<group>";
		};
		CB1FD1FC2B5B370400D50E1D /* GitHubFollowers */ = {
			isa = PBXGroup;
			children = (
				CBE5A9812B5F1F6E00E3439D /* Utilities */,
				CBD117CB2B5DD912004357CC /* Managers */,
				CBD117C62B5DCE05004357CC /* Model */,
				CBD117C42B5DB3F1004357CC /* Support */,
				CBD117C32B5DB394004357CC /* Extensions */,
				CBD117C22B5DB34F004357CC /* Custom Views */,
				CB1FD20B2B5B371100D50E1D /* Info.plist */,
				CBD117C12B5DB302004357CC /* Screens */,
			);
			path = GitHubFollowers;
			sourceTree = "<group>";
		};
		CBAD2BE72B72B46B00D815EA /* ItemInfoVCs */ = {
			isa = PBXGroup;
			children = (
				CBAD2BE12B72AB1E00D815EA /* GFItemInfoVC.swift */,
				CBAD2BE32B72B15A00D815EA /* GFRepoItemVC.swift */,
				CBAD2BE52B72B3DE00D815EA /* GFFollowerItemVC.swift */,
			);
			path = ItemInfoVCs;
			sourceTree = "<group>";
		};
		CBC090A62B669022002468DC /* Views */ = {
			isa = PBXGroup;
			children = (
				CBC090AD2B669120002468DC /* GFEmptyStateView.swift */,
				CB9BD4342B710ED20025053B /* GFItemInfoView.swift */,
			);
			path = Views;
			sourceTree = "<group>";
		};
		CBC090A72B66904D002468DC /* Buttons */ = {
			isa = PBXGroup;
			children = (
				CB9464FE2B5C957F00EE51BA /* GFButton.swift */,
			);
			path = Buttons;
			sourceTree = "<group>";
		};
		CBC090A82B66905F002468DC /* TextFields */ = {
			isa = PBXGroup;
			children = (
				CB9465002B5C9BBC00EE51BA /* GFTextField.swift */,
			);
			path = TextFields;
			sourceTree = "<group>";
		};
		CBC090A92B669067002468DC /* ImageViews */ = {
			isa = PBXGroup;
			children = (
				CBE5A9872B5F267A00E3439D /* GFAvatarImageView.swift */,
			);
			path = ImageViews;
			sourceTree = "<group>";
		};
		CBC090AA2B669088002468DC /* ViewControllers */ = {
			isa = PBXGroup;
			children = (
				CBAD2BE72B72B46B00D815EA /* ItemInfoVCs */,
				CBD117BD2B5D890B004357CC /* GFAlertVC.swift */,
				CB0233992B6F0687007EDDD0 /* GFUserInfoHeaderVC.swift */,
			);
			path = ViewControllers;
			sourceTree = "<group>";
		};
		CBC090AC2B6690BA002468DC /* Labels */ = {
			isa = PBXGroup;
			children = (
				CBD117BB2B5D882E004357CC /* GFBodyLabel.swift */,
				CBD117B92B5D86AF004357CC /* GFTitleLabel.swift */,
				CB02339B2B6F06FA007EDDD0 /* GFSecondaryTitleLabel.swift */,
			);
			path = Labels;
			sourceTree = "<group>";
		};
		CBD117C12B5DB302004357CC /* Screens */ = {
			isa = PBXGroup;
			children = (
				CB9464FC2B5C8F5D00EE51BA /* FavoritesListVC.swift */,
				CB9465022B5CAD3200EE51BA /* FollowerListVC.swift */,
				CB9464FA2B5C8F0C00EE51BA /* SearchVC.swift */,
				CB34E78D2B6D891B00AE6EE6 /* UserInfoVC.swift */,
			);
			path = Screens;
			sourceTree = "<group>";
		};
		CBD117C22B5DB34F004357CC /* Custom Views */ = {
			isa = PBXGroup;
			children = (
				CBC090AC2B6690BA002468DC /* Labels */,
				CBC090AA2B669088002468DC /* ViewControllers */,
				CBC090A92B669067002468DC /* ImageViews */,
				CBC090A82B66905F002468DC /* TextFields */,
				CBC090A72B66904D002468DC /* Buttons */,
				CBC090A62B669022002468DC /* Views */,
				CBE5A9842B5F25D400E3439D /* Cells */,
			);
			path = "Custom Views";
			sourceTree = "<group>";
		};
		CBD117C32B5DB394004357CC /* Extensions */ = {
			isa = PBXGroup;
			children = (
				CBD117BF2B5DAD66004357CC /* UIViewController+Ext.swift */,
				CBAD2BE82B72D77A00D815EA /* Date+Ext.swift */,
				CBAD2BEA2B72D7B700D815EA /* String+Ext.swift */,
			);
			path = Extensions;
			sourceTree = "<group>";
		};
		CBD117C42B5DB3F1004357CC /* Support */ = {
			isa = PBXGroup;
			children = (
				CB1FD1FD2B5B370400D50E1D /* AppDelegate.swift */,
				CB1FD1FF2B5B370400D50E1D /* SceneDelegate.swift */,
				CB1FD2062B5B371100D50E1D /* Assets.xcassets */,
				CB1FD2082B5B371100D50E1D /* LaunchScreen.storyboard */,
			);
			path = Support;
			sourceTree = "<group>";
		};
		CBD117C62B5DCE05004357CC /* Model */ = {
			isa = PBXGroup;
			children = (
				CBD117C72B5DCE24004357CC /* Follower.swift */,
				CBD117C92B5DCEF2004357CC /* User.swift */,
			);
			path = Model;
			sourceTree = "<group>";
		};
		CBD117CB2B5DD912004357CC /* Managers */ = {
			isa = PBXGroup;
			children = (
				CBD117CC2B5DD92A004357CC /* NetworkManager.swift */,
			);
			path = Managers;
			sourceTree = "<group>";
		};
		CBE5A9812B5F1F6E00E3439D /* Utilities */ = {
			isa = PBXGroup;
			children = (
				CB8CD77C2B61CDFF00472E06 /* UIHelper.swift */,
				CB34E78F2B6DB58900AE6EE6 /* GFError.swift */,
				CB02339D2B6F0D2A007EDDD0 /* Constants.swift */,
			);
			path = Utilities;
			sourceTree = "<group>";
		};
		CBE5A9842B5F25D400E3439D /* Cells */ = {
			isa = PBXGroup;
			children = (
				CBE5A9852B5F25FF00E3439D /* FollowerCell.swift */,
			);
			path = Cells;
			sourceTree = "<group>";
		};
/* End PBXGroup section */

/* Begin PBXNativeTarget section */
		CB1FD1F92B5B370400D50E1D /* GitHubFollowers */ = {
			isa = PBXNativeTarget;
			buildConfigurationList = CB1FD20E2B5B371100D50E1D /* Build configuration list for PBXNativeTarget "GitHubFollowers" */;
			buildPhases = (
				CB1FD1F62B5B370400D50E1D /* Sources */,
				CB1FD1F72B5B370400D50E1D /* Frameworks */,
				CB1FD1F82B5B370400D50E1D /* Resources */,
			);
			buildRules = (
			);
			dependencies = (
			);
			name = GitHubFollowers;
			productName = GitHubFollowers;
			productReference = CB1FD1FA2B5B370400D50E1D /* GitHubFollowers.app */;
			productType = "com.apple.product-type.application";
		};
/* End PBXNativeTarget section */

/* Begin PBXProject section */
		CB1FD1F22B5B370400D50E1D /* Project object */ = {
			isa = PBXProject;
			attributes = {
				BuildIndependentTargetsInParallel = 1;
				LastSwiftUpdateCheck = 1520;
				LastUpgradeCheck = 1520;
				TargetAttributes = {
					CB1FD1F92B5B370400D50E1D = {
						CreatedOnToolsVersion = 15.2;
					};
				};
			};
			buildConfigurationList = CB1FD1F52B5B370400D50E1D /* Build configuration list for PBXProject "GitHubFollowers" */;
			compatibilityVersion = "Xcode 14.0";
			developmentRegion = en;
			hasScannedForEncodings = 0;
			knownRegions = (
				en,
				Base,
			);
			mainGroup = CB1FD1F12B5B370400D50E1D;
			productRefGroup = CB1FD1FB2B5B370400D50E1D /* Products */;
			projectDirPath = "";
			projectRoot = "";
			targets = (
				CB1FD1F92B5B370400D50E1D /* GitHubFollowers */,
			);
		};
/* End PBXProject section */

/* Begin PBXResourcesBuildPhase section */
		CB1FD1F82B5B370400D50E1D /* Resources */ = {
			isa = PBXResourcesBuildPhase;
			buildActionMask = 2147483647;
			files = (
				CB1FD20A2B5B371100D50E1D /* LaunchScreen.storyboard in Resources */,
				CB1FD2072B5B371100D50E1D /* Assets.xcassets in Resources */,
			);
			runOnlyForDeploymentPostprocessing = 0;
		};
/* End PBXResourcesBuildPhase section */

/* Begin PBXSourcesBuildPhase section */
		CB1FD1F62B5B370400D50E1D /* Sources */ = {
			isa = PBXSourcesBuildPhase;
			buildActionMask = 2147483647;
			files = (
				CBD117CA2B5DCEF2004357CC /* User.swift in Sources */,
				CB9465012B5C9BBC00EE51BA /* GFTextField.swift in Sources */,
				CB9464FD2B5C8F5D00EE51BA /* FavoritesListVC.swift in Sources */,
				CBAD2BEB2B72D7B700D815EA /* String+Ext.swift in Sources */,
				CB9464FF2B5C957F00EE51BA /* GFButton.swift in Sources */,
				CBD117C02B5DAD66004357CC /* UIViewController+Ext.swift in Sources */,
				CB8CD77D2B61CDFF00472E06 /* UIHelper.swift in Sources */,
				CBAD2BE22B72AB1E00D815EA /* GFItemInfoVC.swift in Sources */,
				CB02339E2B6F0D2A007EDDD0 /* Constants.swift in Sources */,
				CBE5A9882B5F267A00E3439D /* GFAvatarImageView.swift in Sources */,
				CB9464FB2B5C8F0C00EE51BA /* SearchVC.swift in Sources */,
				CB34E7902B6DB58900AE6EE6 /* GFError.swift in Sources */,
				CBAD2BE62B72B3DE00D815EA /* GFFollowerItemVC.swift in Sources */,
				CB9BD4352B710ED20025053B /* GFItemInfoView.swift in Sources */,
				CBD117BE2B5D890B004357CC /* GFAlertVC.swift in Sources */,
				CBE5A9862B5F25FF00E3439D /* FollowerCell.swift in Sources */,
				CB02339A2B6F0687007EDDD0 /* GFUserInfoHeaderVC.swift in Sources */,
				CBD117BC2B5D882E004357CC /* GFBodyLabel.swift in Sources */,
				CBD117C82B5DCE24004357CC /* Follower.swift in Sources */,
				CBD117BA2B5D86AF004357CC /* GFTitleLabel.swift in Sources */,
				CBAD2BE92B72D77A00D815EA /* Date+Ext.swift in Sources */,
				CB02339C2B6F06FA007EDDD0 /* GFSecondaryTitleLabel.swift in Sources */,
				CBC090AE2B669120002468DC /* GFEmptyStateView.swift in Sources */,
				CBD117CD2B5DD92A004357CC /* NetworkManager.swift in Sources */,
				CB9465032B5CAD3200EE51BA /* FollowerListVC.swift in Sources */,
				CB1FD1FE2B5B370400D50E1D /* AppDelegate.swift in Sources */,
				CB1FD2002B5B370400D50E1D /* SceneDelegate.swift in Sources */,
				CBAD2BE42B72B15A00D815EA /* GFRepoItemVC.swift in Sources */,
				CB34E78E2B6D891B00AE6EE6 /* UserInfoVC.swift in Sources */,
			);
			runOnlyForDeploymentPostprocessing = 0;
		};
/* End PBXSourcesBuildPhase section */

/* Begin PBXVariantGroup section */
		CB1FD2082B5B371100D50E1D /* LaunchScreen.storyboard */ = {
			isa = PBXVariantGroup;
			children = (
				CB1FD2092B5B371100D50E1D /* Base */,
			);
			name = LaunchScreen.storyboard;
			sourceTree = "<group>";
		};
/* End PBXVariantGroup section */

/* Begin XCBuildConfiguration section */
		CB1FD20C2B5B371100D50E1D /* Debug */ = {
			isa = XCBuildConfiguration;
			buildSettings = {
				ALWAYS_SEARCH_USER_PATHS = NO;
				ASSETCATALOG_COMPILER_GENERATE_SWIFT_ASSET_SYMBOL_EXTENSIONS = YES;
				CLANG_ANALYZER_NONNULL = YES;
				CLANG_ANALYZER_NUMBER_OBJECT_CONVERSION = YES_AGGRESSIVE;
				CLANG_CXX_LANGUAGE_STANDARD = "gnu++20";
				CLANG_ENABLE_MODULES = YES;
				CLANG_ENABLE_OBJC_ARC = YES;
				CLANG_ENABLE_OBJC_WEAK = YES;
				CLANG_WARN_BLOCK_CAPTURE_AUTORELEASING = YES;
				CLANG_WARN_BOOL_CONVERSION = YES;
				CLANG_WARN_COMMA = YES;
				CLANG_WARN_CONSTANT_CONVERSION = YES;
				CLANG_WARN_DEPRECATED_OBJC_IMPLEMENTATIONS = YES;
				CLANG_WARN_DIRECT_OBJC_ISA_USAGE = YES_ERROR;
				CLANG_WARN_DOCUMENTATION_COMMENTS = YES;
				CLANG_WARN_EMPTY_BODY = YES;
				CLANG_WARN_ENUM_CONVERSION = YES;
				CLANG_WARN_INFINITE_RECURSION = YES;
				CLANG_WARN_INT_CONVERSION = YES;
				CLANG_WARN_NON_LITERAL_NULL_CONVERSION = YES;
				CLANG_WARN_OBJC_IMPLICIT_RETAIN_SELF = YES;
				CLANG_WARN_OBJC_LITERAL_CONVERSION = YES;
				CLANG_WARN_OBJC_ROOT_CLASS = YES_ERROR;
				CLANG_WARN_QUOTED_INCLUDE_IN_FRAMEWORK_HEADER = YES;
				CLANG_WARN_RANGE_LOOP_ANALYSIS = YES;
				CLANG_WARN_STRICT_PROTOTYPES = YES;
				CLANG_WARN_SUSPICIOUS_MOVE = YES;
				CLANG_WARN_UNGUARDED_AVAILABILITY = YES_AGGRESSIVE;
				CLANG_WARN_UNREACHABLE_CODE = YES;
				CLANG_WARN__DUPLICATE_METHOD_MATCH = YES;
				COPY_PHASE_STRIP = NO;
				DEBUG_INFORMATION_FORMAT = dwarf;
				ENABLE_STRICT_OBJC_MSGSEND = YES;
				ENABLE_TESTABILITY = YES;
				ENABLE_USER_SCRIPT_SANDBOXING = YES;
				GCC_C_LANGUAGE_STANDARD = gnu17;
				GCC_DYNAMIC_NO_PIC = NO;
				GCC_NO_COMMON_BLOCKS = YES;
				GCC_OPTIMIZATION_LEVEL = 0;
				GCC_PREPROCESSOR_DEFINITIONS = (
					"DEBUG=1",
					"$(inherited)",
				);
				GCC_WARN_64_TO_32_BIT_CONVERSION = YES;
				GCC_WARN_ABOUT_RETURN_TYPE = YES_ERROR;
				GCC_WARN_UNDECLARED_SELECTOR = YES;
				GCC_WARN_UNINITIALIZED_AUTOS = YES_AGGRESSIVE;
				GCC_WARN_UNUSED_FUNCTION = YES;
				GCC_WARN_UNUSED_VARIABLE = YES;
				IPHONEOS_DEPLOYMENT_TARGET = 17.2;
				LOCALIZATION_PREFERS_STRING_CATALOGS = YES;
				MTL_ENABLE_DEBUG_INFO = INCLUDE_SOURCE;
				MTL_FAST_MATH = YES;
				ONLY_ACTIVE_ARCH = YES;
				SDKROOT = iphoneos;
				SWIFT_ACTIVE_COMPILATION_CONDITIONS = "DEBUG $(inherited)";
				SWIFT_OPTIMIZATION_LEVEL = "-Onone";
			};
			name = Debug;
		};
		CB1FD20D2B5B371100D50E1D /* Release */ = {
			isa = XCBuildConfiguration;
			buildSettings = {
				ALWAYS_SEARCH_USER_PATHS = NO;
				ASSETCATALOG_COMPILER_GENERATE_SWIFT_ASSET_SYMBOL_EXTENSIONS = YES;
				CLANG_ANALYZER_NONNULL = YES;
				CLANG_ANALYZER_NUMBER_OBJECT_CONVERSION = YES_AGGRESSIVE;
				CLANG_CXX_LANGUAGE_STANDARD = "gnu++20";
				CLANG_ENABLE_MODULES = YES;
				CLANG_ENABLE_OBJC_ARC = YES;
				CLANG_ENABLE_OBJC_WEAK = YES;
				CLANG_WARN_BLOCK_CAPTURE_AUTORELEASING = YES;
				CLANG_WARN_BOOL_CONVERSION = YES;
				CLANG_WARN_COMMA = YES;
				CLANG_WARN_CONSTANT_CONVERSION = YES;
				CLANG_WARN_DEPRECATED_OBJC_IMPLEMENTATIONS = YES;
				CLANG_WARN_DIRECT_OBJC_ISA_USAGE = YES_ERROR;
				CLANG_WARN_DOCUMENTATION_COMMENTS = YES;
				CLANG_WARN_EMPTY_BODY = YES;
				CLANG_WARN_ENUM_CONVERSION = YES;
				CLANG_WARN_INFINITE_RECURSION = YES;
				CLANG_WARN_INT_CONVERSION = YES;
				CLANG_WARN_NON_LITERAL_NULL_CONVERSION = YES;
				CLANG_WARN_OBJC_IMPLICIT_RETAIN_SELF = YES;
				CLANG_WARN_OBJC_LITERAL_CONVERSION = YES;
				CLANG_WARN_OBJC_ROOT_CLASS = YES_ERROR;
				CLANG_WARN_QUOTED_INCLUDE_IN_FRAMEWORK_HEADER = YES;
				CLANG_WARN_RANGE_LOOP_ANALYSIS = YES;
				CLANG_WARN_STRICT_PROTOTYPES = YES;
				CLANG_WARN_SUSPICIOUS_MOVE = YES;
				CLANG_WARN_UNGUARDED_AVAILABILITY = YES_AGGRESSIVE;
				CLANG_WARN_UNREACHABLE_CODE = YES;
				CLANG_WARN__DUPLICATE_METHOD_MATCH = YES;
				COPY_PHASE_STRIP = NO;
				DEBUG_INFORMATION_FORMAT = "dwarf-with-dsym";
				ENABLE_NS_ASSERTIONS = NO;
				ENABLE_STRICT_OBJC_MSGSEND = YES;
				ENABLE_USER_SCRIPT_SANDBOXING = YES;
				GCC_C_LANGUAGE_STANDARD = gnu17;
				GCC_NO_COMMON_BLOCKS = YES;
				GCC_WARN_64_TO_32_BIT_CONVERSION = YES;
				GCC_WARN_ABOUT_RETURN_TYPE = YES_ERROR;
				GCC_WARN_UNDECLARED_SELECTOR = YES;
				GCC_WARN_UNINITIALIZED_AUTOS = YES_AGGRESSIVE;
				GCC_WARN_UNUSED_FUNCTION = YES;
				GCC_WARN_UNUSED_VARIABLE = YES;
				IPHONEOS_DEPLOYMENT_TARGET = 17.2;
				LOCALIZATION_PREFERS_STRING_CATALOGS = YES;
				MTL_ENABLE_DEBUG_INFO = NO;
				MTL_FAST_MATH = YES;
				SDKROOT = iphoneos;
				SWIFT_COMPILATION_MODE = wholemodule;
				VALIDATE_PRODUCT = YES;
			};
			name = Release;
		};
		CB1FD20F2B5B371100D50E1D /* Debug */ = {
			isa = XCBuildConfiguration;
			buildSettings = {
				ASSETCATALOG_COMPILER_APPICON_NAME = AppIcon;
				ASSETCATALOG_COMPILER_GLOBAL_ACCENT_COLOR_NAME = AccentColor;
				CODE_SIGN_STYLE = Automatic;
				CURRENT_PROJECT_VERSION = 1;
				DEVELOPMENT_TEAM = 73S662P297;
				GENERATE_INFOPLIST_FILE = YES;
				INFOPLIST_FILE = GitHubFollowers/Info.plist;
				INFOPLIST_KEY_UIApplicationSupportsIndirectInputEvents = YES;
				INFOPLIST_KEY_UILaunchStoryboardName = LaunchScreen;
				INFOPLIST_KEY_UIMainStoryboardFile = "";
				INFOPLIST_KEY_UISupportedInterfaceOrientations = UIInterfaceOrientationPortrait;
				INFOPLIST_KEY_UISupportedInterfaceOrientations_iPad = "UIInterfaceOrientationLandscapeLeft UIInterfaceOrientationLandscapeRight UIInterfaceOrientationPortrait UIInterfaceOrientationPortraitUpsideDown";
				IPHONEOS_DEPLOYMENT_TARGET = 13.2;
				LD_RUNPATH_SEARCH_PATHS = (
					"$(inherited)",
					"@executable_path/Frameworks",
				);
				MARKETING_VERSION = 1.0;
				PRODUCT_BUNDLE_IDENTIFIER = com.emirozturk.GitHubFollowers;
				PRODUCT_NAME = "$(TARGET_NAME)";
				SUPPORTED_PLATFORMS = "iphoneos iphonesimulator";
				SUPPORTS_MACCATALYST = NO;
				SUPPORTS_MAC_DESIGNED_FOR_IPHONE_IPAD = NO;
				SUPPORTS_XR_DESIGNED_FOR_IPHONE_IPAD = NO;
				SWIFT_EMIT_LOC_STRINGS = YES;
				SWIFT_VERSION = 5.0;
				TARGETED_DEVICE_FAMILY = 1;
			};
			name = Debug;
		};
		CB1FD2102B5B371100D50E1D /* Release */ = {
			isa = XCBuildConfiguration;
			buildSettings = {
				ASSETCATALOG_COMPILER_APPICON_NAME = AppIcon;
				ASSETCATALOG_COMPILER_GLOBAL_ACCENT_COLOR_NAME = AccentColor;
				CODE_SIGN_STYLE = Automatic;
				CURRENT_PROJECT_VERSION = 1;
				DEVELOPMENT_TEAM = 73S662P297;
				GENERATE_INFOPLIST_FILE = YES;
				INFOPLIST_FILE = GitHubFollowers/Info.plist;
				INFOPLIST_KEY_UIApplicationSupportsIndirectInputEvents = YES;
				INFOPLIST_KEY_UILaunchStoryboardName = LaunchScreen;
				INFOPLIST_KEY_UIMainStoryboardFile = "";
				INFOPLIST_KEY_UISupportedInterfaceOrientations = UIInterfaceOrientationPortrait;
				INFOPLIST_KEY_UISupportedInterfaceOrientations_iPad = "UIInterfaceOrientationLandscapeLeft UIInterfaceOrientationLandscapeRight UIInterfaceOrientationPortrait UIInterfaceOrientationPortraitUpsideDown";
				IPHONEOS_DEPLOYMENT_TARGET = 13.2;
				LD_RUNPATH_SEARCH_PATHS = (
					"$(inherited)",
					"@executable_path/Frameworks",
				);
				MARKETING_VERSION = 1.0;
				PRODUCT_BUNDLE_IDENTIFIER = com.emirozturk.GitHubFollowers;
				PRODUCT_NAME = "$(TARGET_NAME)";
				SUPPORTED_PLATFORMS = "iphoneos iphonesimulator";
				SUPPORTS_MACCATALYST = NO;
				SUPPORTS_MAC_DESIGNED_FOR_IPHONE_IPAD = NO;
				SUPPORTS_XR_DESIGNED_FOR_IPHONE_IPAD = NO;
				SWIFT_EMIT_LOC_STRINGS = YES;
				SWIFT_VERSION = 5.0;
				TARGETED_DEVICE_FAMILY = 1;
			};
			name = Release;
		};
/* End XCBuildConfiguration section */

/* Begin XCConfigurationList section */
		CB1FD1F52B5B370400D50E1D /* Build configuration list for PBXProject "GitHubFollowers" */ = {
			isa = XCConfigurationList;
			buildConfigurations = (
				CB1FD20C2B5B371100D50E1D /* Debug */,
				CB1FD20D2B5B371100D50E1D /* Release */,
			);
			defaultConfigurationIsVisible = 0;
			defaultConfigurationName = Release;
		};
		CB1FD20E2B5B371100D50E1D /* Build configuration list for PBXNativeTarget "GitHubFollowers" */ = {
			isa = XCConfigurationList;
			buildConfigurations = (
				CB1FD20F2B5B371100D50E1D /* Debug */,
				CB1FD2102B5B371100D50E1D /* Release */,
			);
			defaultConfigurationIsVisible = 0;
			defaultConfigurationName = Release;
		};
/* End XCConfigurationList section */
	};
	rootObject = CB1FD1F22B5B370400D50E1D /* Project object */;
}
